{
  "name": "TailwindCss",
  "version": "1.0.0",
  "lockfileVersion": 1,
  "requires": true,
  "dependencies": {
    "prettier-plugin-tailwindcss": {
      "version": "0.5.7",
      "resolved": "https://registry.npmjs.org/prettier-plugin-tailwindcss/-/prettier-plugin-tailwindcss-0.5.7.tgz",
      "integrity": "sha512-4v6uESAgwCni6YF6DwJlRaDjg9Z+al5zM4JfngcazMy4WEf/XkPS5TEQjbD+DZ5iNuG6RrKQLa/HuX2SYzC3kQ==",
      "dev": true
    }
  }
}
